
Microsoft Visual Studio Solution File, Format Version 12.00
# Visual Studio Version 17
VisualStudioVersion = 17.0.31903.59
MinimumVisualStudioVersion = 10.0.40219.1
Project("{2150E333-8FDC-42A3-9474-1A3956D46DE8}") = "src", "src", "{827E0CD3-B72D-47B6-A68D-7590B98EB39B}"
EndProject
Project("{FAE04EC0-301F-11D3-BF4B-00C04F79EFBC}") = "CustomerCampaign.Domain", "src\CustomerCampaign.Domain\CustomerCampaign.Domain.csproj", "{14FF3E66-B240-4969-9D9A-2CBC1AE9F48A}"
EndProject
Project("{FAE04EC0-301F-11D3-BF4B-00C04F79EFBC}") = "CustomerCampaign.Application", "src\CustomerCampaign.Application\CustomerCampaign.Application.csproj", "{02E2F233-952F-4BBB-B7FC-79F56468C087}"
EndProject
Project("{FAE04EC0-301F-11D3-BF4B-00C04F79EFBC}") = "CustomerCampaign.Infrastructure", "src\CustomerCampaign.Infrastructure\CustomerCampaign.Infrastructure.csproj", "{D788B8CB-A8E1-4E28-B771-F91BD53806F5}"
EndProject
Project("{FAE04EC0-301F-11D3-BF4B-00C04F79EFBC}") = "CustomerCampaign.Api", "src\CustomerCampaign.Api\CustomerCampaign.Api.csproj", "{9722683C-05D4-4EF9-9576-4B36F2D0CBC5}"
EndProject
Project("{FAE04EC0-301F-11D3-BF4B-00C04F79EFBC}") = "CustomerCampaign.Portal", "src\CustomerCampaign.Portal\CustomerCampaign.Portal.csproj", "{45FB74F7-86E9-4B8D-BA7F-2EEA69200571}"
EndProject
Global
	GlobalSection(SolutionConfigurationPlatforms) = preSolution
		Debug|Any CPU = Debug|Any CPU
		Debug|x64 = Debug|x64
		Debug|x86 = Debug|x86
		Release|Any CPU = Release|Any CPU
		Release|x64 = Release|x64
		Release|x86 = Release|x86
	EndGlobalSection
	GlobalSection(ProjectConfigurationPlatforms) = postSolution
		{14FF3E66-B240-4969-9D9A-2CBC1AE9F48A}.Debug|Any CPU.ActiveCfg = Debug|Any CPU
		{14FF3E66-B240-4969-9D9A-2CBC1AE9F48A}.Debug|Any CPU.Build.0 = Debug|Any CPU
		{14FF3E66-B240-4969-9D9A-2CBC1AE9F48A}.Debug|x64.ActiveCfg = Debug|Any CPU
		{14FF3E66-B240-4969-9D9A-2CBC1AE9F48A}.Debug|x64.Build.0 = Debug|Any CPU
		{14FF3E66-B240-4969-9D9A-2CBC1AE9F48A}.Debug|x86.ActiveCfg = Debug|Any CPU
		{14FF3E66-B240-4969-9D9A-2CBC1AE9F48A}.Debug|x86.Build.0 = Debug|Any CPU
		{14FF3E66-B240-4969-9D9A-2CBC1AE9F48A}.Release|Any CPU.ActiveCfg = Release|Any CPU
		{14FF3E66-B240-4969-9D9A-2CBC1AE9F48A}.Release|Any CPU.Build.0 = Release|Any CPU
		{14FF3E66-B240-4969-9D9A-2CBC1AE9F48A}.Release|x64.ActiveCfg = Release|Any CPU
		{14FF3E66-B240-4969-9D9A-2CBC1AE9F48A}.Release|x64.Build.0 = Release|Any CPU
		{14FF3E66-B240-4969-9D9A-2CBC1AE9F48A}.Release|x86.ActiveCfg = Release|Any CPU
		{14FF3E66-B240-4969-9D9A-2CBC1AE9F48A}.Release|x86.Build.0 = Release|Any CPU
		{02E2F233-952F-4BBB-B7FC-79F56468C087}.Debug|Any CPU.ActiveCfg = Debug|Any CPU
		{02E2F233-952F-4BBB-B7FC-79F56468C087}.Debug|Any CPU.Build.0 = Debug|Any CPU
		{02E2F233-952F-4BBB-B7FC-79F56468C087}.Debug|x64.ActiveCfg = Debug|Any CPU
		{02E2F233-952F-4BBB-B7FC-79F56468C087}.Debug|x64.Build.0 = Debug|Any CPU
		{02E2F233-952F-4BBB-B7FC-79F56468C087}.Debug|x86.ActiveCfg = Debug|Any CPU
		{02E2F233-952F-4BBB-B7FC-79F56468C087}.Debug|x86.Build.0 = Debug|Any CPU
		{02E2F233-952F-4BBB-B7FC-79F56468C087}.Release|Any CPU.ActiveCfg = Release|Any CPU
		{02E2F233-952F-4BBB-B7FC-79F56468C087}.Release|Any CPU.Build.0 = Release|Any CPU
		{02E2F233-952F-4BBB-B7FC-79F56468C087}.Release|x64.ActiveCfg = Release|Any CPU
		{02E2F233-952F-4BBB-B7FC-79F56468C087}.Release|x64.Build.0 = Release|Any CPU
		{02E2F233-952F-4BBB-B7FC-79F56468C087}.Release|x86.ActiveCfg = Release|Any CPU
		{02E2F233-952F-4BBB-B7FC-79F56468C087}.Release|x86.Build.0 = Release|Any CPU
		{D788B8CB-A8E1-4E28-B771-F91BD53806F5}.Debug|Any CPU.ActiveCfg = Debug|Any CPU
		{D788B8CB-A8E1-4E28-B771-F91BD53806F5}.Debug|Any CPU.Build.0 = Debug|Any CPU
		{D788B8CB-A8E1-4E28-B771-F91BD53806F5}.Debug|x64.ActiveCfg = Debug|Any CPU
		{D788B8CB-A8E1-4E28-B771-F91BD53806F5}.Debug|x64.Build.0 = Debug|Any CPU
		{D788B8CB-A8E1-4E28-B771-F91BD53806F5}.Debug|x86.ActiveCfg = Debug|Any CPU
		{D788B8CB-A8E1-4E28-B771-F91BD53806F5}.Debug|x86.Build.0 = Debug|Any CPU
		{D788B8CB-A8E1-4E28-B771-F91BD53806F5}.Release|Any CPU.ActiveCfg = Release|Any CPU
		{D788B8CB-A8E1-4E28-B771-F91BD53806F5}.Release|Any CPU.Build.0 = Release|Any CPU
		{D788B8CB-A8E1-4E28-B771-F91BD53806F5}.Release|x64.ActiveCfg = Release|Any CPU
		{D788B8CB-A8E1-4E28-B771-F91BD53806F5}.Release|x64.Build.0 = Release|Any CPU
		{D788B8CB-A8E1-4E28-B771-F91BD53806F5}.Release|x86.ActiveCfg = Release|Any CPU
		{D788B8CB-A8E1-4E28-B771-F91BD53806F5}.Release|x86.Build.0 = Release|Any CPU
		{9722683C-05D4-4EF9-9576-4B36F2D0CBC5}.Debug|Any CPU.ActiveCfg = Debug|Any CPU
		{9722683C-05D4-4EF9-9576-4B36F2D0CBC5}.Debug|Any CPU.Build.0 = Debug|Any CPU
		{9722683C-05D4-4EF9-9576-4B36F2D0CBC5}.Debug|x64.ActiveCfg = Debug|Any CPU
		{9722683C-05D4-4EF9-9576-4B36F2D0CBC5}.Debug|x64.Build.0 = Debug|Any CPU
		{9722683C-05D4-4EF9-9576-4B36F2D0CBC5}.Debug|x86.ActiveCfg = Debug|Any CPU
		{9722683C-05D4-4EF9-9576-4B36F2D0CBC5}.Debug|x86.Build.0 = Debug|Any CPU
		{9722683C-05D4-4EF9-9576-4B36F2D0CBC5}.Release|Any CPU.ActiveCfg = Release|Any CPU
		{9722683C-05D4-4EF9-9576-4B36F2D0CBC5}.Release|Any CPU.Build.0 = Release|Any CPU
		{9722683C-05D4-4EF9-9576-4B36F2D0CBC5}.Release|x64.ActiveCfg = Release|Any CPU
		{9722683C-05D4-4EF9-9576-4B36F2D0CBC5}.Release|x64.Build.0 = Release|Any CPU
		{9722683C-05D4-4EF9-9576-4B36F2D0CBC5}.Release|x86.ActiveCfg = Release|Any CPU
		{9722683C-05D4-4EF9-9576-4B36F2D0CBC5}.Release|x86.Build.0 = Release|Any CPU
		{45FB74F7-86E9-4B8D-BA7F-2EEA69200571}.Debug|Any CPU.ActiveCfg = Debug|Any CPU
		{45FB74F7-86E9-4B8D-BA7F-2EEA69200571}.Debug|Any CPU.Build.0 = Debug|Any CPU
		{45FB74F7-86E9-4B8D-BA7F-2EEA69200571}.Debug|x64.ActiveCfg = Debug|Any CPU
		{45FB74F7-86E9-4B8D-BA7F-2EEA69200571}.Debug|x64.Build.0 = Debug|Any CPU
		{45FB74F7-86E9-4B8D-BA7F-2EEA69200571}.Debug|x86.ActiveCfg = Debug|Any CPU
		{45FB74F7-86E9-4B8D-BA7F-2EEA69200571}.Debug|x86.Build.0 = Debug|Any CPU
		{45FB74F7-86E9-4B8D-BA7F-2EEA69200571}.Release|Any CPU.ActiveCfg = Release|Any CPU
		{45FB74F7-86E9-4B8D-BA7F-2EEA69200571}.Release|Any CPU.Build.0 = Release|Any CPU
		{45FB74F7-86E9-4B8D-BA7F-2EEA69200571}.Release|x64.ActiveCfg = Release|Any CPU
		{45FB74F7-86E9-4B8D-BA7F-2EEA69200571}.Release|x64.Build.0 = Release|Any CPU
		{45FB74F7-86E9-4B8D-BA7F-2EEA69200571}.Release|x86.ActiveCfg = Release|Any CPU
		{45FB74F7-86E9-4B8D-BA7F-2EEA69200571}.Release|x86.Build.0 = Release|Any CPU
	EndGlobalSection
	GlobalSection(SolutionProperties) = preSolution
		HideSolutionNode = FALSE
	EndGlobalSection
	GlobalSection(NestedProjects) = preSolution
		{14FF3E66-B240-4969-9D9A-2CBC1AE9F48A} = {827E0CD3-B72D-47B6-A68D-7590B98EB39B}
		{02E2F233-952F-4BBB-B7FC-79F56468C087} = {827E0CD3-B72D-47B6-A68D-7590B98EB39B}
		{D788B8CB-A8E1-4E28-B771-F91BD53806F5} = {827E0CD3-B72D-47B6-A68D-7590B98EB39B}
		{9722683C-05D4-4EF9-9576-4B36F2D0CBC5} = {827E0CD3-B72D-47B6-A68D-7590B98EB39B}
		{45FB74F7-86E9-4B8D-BA7F-2EEA69200571} = {827E0CD3-B72D-47B6-A68D-7590B98EB39B}
	EndGlobalSection
EndGlobal
